
Microsoft Visual Studio Solution File, Format Version 12.00
# Visual Studio Version 16
VisualStudioVersion = 16.0.30114.105
MinimumVisualStudioVersion = 10.0.40219.1
Project("{FAE04EC0-301F-11D3-BF4B-00C04F79EFBC}") = "MembershipDisco", "MembershipDisco.csproj", "{EE5D58BA-A3EE-4419-A0BA-6EA5A7A4FB70}"
EndProject
Global
	GlobalSection(SolutionConfigurationPlatforms) = preSolution
		Debug|Any CPU = Debug|Any CPU
		Release|Any CPU = Release|Any CPU
	EndGlobalSection
	GlobalSection(ProjectConfigurationPlatforms) = postSolution
		{EE5D58BA-A3EE-4419-A0BA-6EA5A7A4FB70}.Debug|Any CPU.ActiveCfg = Debug|Any CPU
		{EE5D58BA-A3EE-4419-A0BA-6EA5A7A4FB70}.Debug|Any CPU.Build.0 = Debug|Any CPU
		{EE5D58BA-A3EE-4419-A0BA-6EA5A7A4FB70}.Release|Any CPU.ActiveCfg = Release|Any CPU
		{EE5D58BA-A3EE-4419-A0BA-6EA5A7A4FB70}.Release|Any CPU.Build.0 = Release|Any CPU
	EndGlobalSection
	GlobalSection(SolutionProperties) = preSolution
		HideSolutionNode = FALSE
	EndGlobalSection
	GlobalSection(ExtensibilityGlobals) = postSolution
		SolutionGuid = {54596EA8-C111-482A-94A6-53F7EFDE774E}
	EndGlobalSection
EndGlobal
